
Microsoft Visual Studio Solution File, Format Version 12.00
# Visual Studio Version 16
VisualStudioVersion = 16.0.28729.10
MinimumVisualStudioVersion = 10.0.40219.1
Project("{FAE04EC0-301F-11D3-BF4B-00C04F79EFBC}") = "Tic_F23_IPG202", "Tic_F23_IPG202\Tic_F23_IPG202.csproj", "{2E058B46-9ABF-4FF6-93B6-BBF76CC94512}"
EndProject
Global
	GlobalSection(SolutionConfigurationPlatforms) = preSolution
		Debug|Any CPU = Debug|Any CPU
		Release|Any CPU = Release|Any CPU
	EndGlobalSection
	GlobalSection(ProjectConfigurationPlatforms) = postSolution
		{2E058B46-9ABF-4FF6-93B6-BBF76CC94512}.Debug|Any CPU.ActiveCfg = Debug|Any CPU
		{2E058B46-9ABF-4FF6-93B6-BBF76CC94512}.Debug|Any CPU.Build.0 = Debug|Any CPU
		{2E058B46-9ABF-4FF6-93B6-BBF76CC94512}.Release|Any CPU.ActiveCfg = Release|Any CPU
		{2E058B46-9ABF-4FF6-93B6-BBF76CC94512}.Release|Any CPU.Build.0 = Release|Any CPU
	EndGlobalSection
	GlobalSection(SolutionProperties) = preSolution
		HideSolutionNode = FALSE
	EndGlobalSection
	GlobalSection(ExtensibilityGlobals) = postSolution
		SolutionGuid = {6BC6F39C-4963-4E7F-ABC9-2C650919F051}
	EndGlobalSection
EndGlobal
